// !$*UTF8*$!
{
	archiveVersion = 1;
	classes = {
	};
	objectVersion = 50;
	objects = {

/* Begin PBXBuildFile section */
		A99573242135585600234608 /* AppDelegate.swift in Sources */ = {isa = PBXBuildFile; fileRef = A99573232135585600234608 /* AppDelegate.swift */; };
		A99573262135585600234608 /* RecordViewController.swift in Sources */ = {isa = PBXBuildFile; fileRef = A99573252135585600234608 /* RecordViewController.swift */; };
		A99573292135585600234608 /* Main.storyboard in Resources */ = {isa = PBXBuildFile; fileRef = A99573272135585600234608 /* Main.storyboard */; };
		A995732B2135585600234608 /* Assets.xcassets in Resources */ = {isa = PBXBuildFile; fileRef = A995732A2135585600234608 /* Assets.xcassets */; };
		A995732E2135585600234608 /* LaunchScreen.storyboard in Resources */ = {isa = PBXBuildFile; fileRef = A995732C2135585600234608 /* LaunchScreen.storyboard */; };
		A99573392135585700234608 /* PitchPerfectTests.swift in Sources */ = {isa = PBXBuildFile; fileRef = A99573382135585700234608 /* PitchPerfectTests.swift */; };
		A99573442135585700234608 /* PitchPerfectUITests.swift in Sources */ = {isa = PBXBuildFile; fileRef = A99573432135585700234608 /* PitchPerfectUITests.swift */; };
		A9A61484213572510021AA99 /* PitchViewController.swift in Sources */ = {isa = PBXBuildFile; fileRef = A9A61482213572510021AA99 /* PitchViewController.swift */; };
		A9A61485213572510021AA99 /* PitchViewController.xib in Resources */ = {isa = PBXBuildFile; fileRef = A9A61483213572510021AA99 /* PitchViewController.xib */; };
/* End PBXBuildFile section */

/* Begin PBXContainerItemProxy section */
		A99573352135585700234608 /* PBXContainerItemProxy */ = {
			isa = PBXContainerItemProxy;
			containerPortal = A99573182135585600234608 /* Project object */;
			proxyType = 1;
			remoteGlobalIDString = A995731F2135585600234608;
			remoteInfo = PitchPerfect;
		};
		A99573402135585700234608 /* PBXContainerItemProxy */ = {
			isa = PBXContainerItemProxy;
			containerPortal = A99573182135585600234608 /* Project object */;
			proxyType = 1;
			remoteGlobalIDString = A995731F2135585600234608;
			remoteInfo = PitchPerfect;
		};
/* End PBXContainerItemProxy section */

/* Begin PBXFileReference section */
		A99573202135585600234608 /* PitchPerfect.app */ = {isa = PBXFileReference; explicitFileType = wrapper.application; includeInIndex = 0; path = PitchPerfect.app; sourceTree = BUILT_PRODUCTS_DIR; };
		A99573232135585600234608 /* AppDelegate.swift */ = {isa = PBXFileReference; lastKnownFileType = sourcecode.swift; path = AppDelegate.swift; sourceTree = "<group>"; };
		A99573252135585600234608 /* RecordViewController.swift */ = {isa = PBXFileReference; lastKnownFileType = sourcecode.swift; path = RecordViewController.swift; sourceTree = "<group>"; };
		A99573282135585600234608 /* Base */ = {isa = PBXFileReference; lastKnownFileType = file.storyboard; name = Base; path = Base.lproj/Main.storyboard; sourceTree = "<group>"; };
		A995732A2135585600234608 /* Assets.xcassets */ = {isa = PBXFileReference; lastKnownFileType = folder.assetcatalog; path = Assets.xcassets; sourceTree = "<group>"; };
		A995732D2135585600234608 /* Base */ = {isa = PBXFileReference; lastKnownFileType = file.storyboard; name = Base; path = Base.lproj/LaunchScreen.storyboard; sourceTree = "<group>"; };
		A995732F2135585600234608 /* Info.plist */ = {isa = PBXFileReference; lastKnownFileType = text.plist.xml; path = Info.plist; sourceTree = "<group>"; };
		A99573342135585700234608 /* PitchPerfectTests.xctest */ = {isa = PBXFileReference; explicitFileType = wrapper.cfbundle; includeInIndex = 0; path = PitchPerfectTests.xctest; sourceTree = BUILT_PRODUCTS_DIR; };
		A99573382135585700234608 /* PitchPerfectTests.swift */ = {isa = PBXFileReference; lastKnownFileType = sourcecode.swift; path = PitchPerfectTests.swift; sourceTree = "<group>"; };
		A995733A2135585700234608 /* Info.plist */ = {isa = PBXFileReference; lastKnownFileType = text.plist.xml; path = Info.plist; sourceTree = "<group>"; };
		A995733F2135585700234608 /* PitchPerfectUITests.xctest */ = {isa = PBXFileReference; explicitFileType = wrapper.cfbundle; includeInIndex = 0; path = PitchPerfectUITests.xctest; sourceTree = BUILT_PRODUCTS_DIR; };
		A99573432135585700234608 /* PitchPerfectUITests.swift */ = {isa = PBXFileReference; lastKnownFileType = sourcecode.swift; path = PitchPerfectUITests.swift; sourceTree = "<group>"; };
		A99573452135585700234608 /* Info.plist */ = {isa = PBXFileReference; lastKnownFileType = text.plist.xml; path = Info.plist; sourceTree = "<group>"; };
		A9A61482213572510021AA99 /* PitchViewController.swift */ = {isa = PBXFileReference; lastKnownFileType = sourcecode.swift; path = PitchViewController.swift; sourceTree = "<group>"; };
		A9A61483213572510021AA99 /* PitchViewController.xib */ = {isa = PBXFileReference; lastKnownFileType = file.xib; path = PitchViewController.xib; sourceTree = "<group>"; };
/* End PBXFileReference section */

/* Begin PBXFrameworksBuildPhase section */
		A995731D2135585600234608 /* Frameworks */ = {
			isa = PBXFrameworksBuildPhase;
			buildActionMask = 2147483647;
			files = (
			);
			runOnlyForDeploymentPostprocessing = 0;
		};
		A99573312135585700234608 /* Frameworks */ = {
			isa = PBXFrameworksBuildPhase;
			buildActionMask = 2147483647;
			files = (
			);
			runOnlyForDeploymentPostprocessing = 0;
		};
		A995733C2135585700234608 /* Frameworks */ = {
			isa = PBXFrameworksBuildPhase;
			buildActionMask = 2147483647;
			files = (
			);
			runOnlyForDeploymentPostprocessing = 0;
		};
/* End PBXFrameworksBuildPhase section */

/* Begin PBXGroup section */
		A99573172135585600234608 = {
			isa = PBXGroup;
			children = (
				A99573222135585600234608 /* PitchPerfect */,
				A99573372135585700234608 /* PitchPerfectTests */,
				A99573422135585700234608 /* PitchPerfectUITests */,
				A99573212135585600234608 /* Products */,
			);
			sourceTree = "<group>";
		};
		A99573212135585600234608 /* Products */ = {
			isa = PBXGroup;
			children = (
				A99573202135585600234608 /* PitchPerfect.app */,
				A99573342135585700234608 /* PitchPerfectTests.xctest */,
				A995733F2135585700234608 /* PitchPerfectUITests.xctest */,
			);
			name = Products;
			sourceTree = "<group>";
		};
		A99573222135585600234608 /* PitchPerfect */ = {
			isa = PBXGroup;
			children = (
				A99573232135585600234608 /* AppDelegate.swift */,
				A99573252135585600234608 /* RecordViewController.swift */,
				A99573272135585600234608 /* Main.storyboard */,
				A995732A2135585600234608 /* Assets.xcassets */,
				A995732C2135585600234608 /* LaunchScreen.storyboard */,
				A995732F2135585600234608 /* Info.plist */,
				A9A61482213572510021AA99 /* PitchViewController.swift */,
				A9A61483213572510021AA99 /* PitchViewController.xib */,
			);
			path = PitchPerfect;
			sourceTree = "<group>";
		};
		A99573372135585700234608 /* PitchPerfectTests */ = {
			isa = PBXGroup;
			children = (
				A99573382135585700234608 /* PitchPerfectTests.swift */,
				A995733A2135585700234608 /* Info.plist */,
			);
			path = PitchPerfectTests;
			sourceTree = "<group>";
		};
		A99573422135585700234608 /* PitchPerfectUITests */ = {
			isa = PBXGroup;
			children = (
				A99573432135585700234608 /* PitchPerfectUITests.swift */,
				A99573452135585700234608 /* Info.plist */,
			);
			path = PitchPerfectUITests;
			sourceTree = "<group>";
		};
/* End PBXGroup section */

/* Begin PBXNativeTarget section */
		A995731F2135585600234608 /* PitchPerfect */ = {
			isa = PBXNativeTarget;
			buildConfigurationList = A99573482135585700234608 /* Build configuration list for PBXNativeTarget "PitchPerfect" */;
			buildPhases = (
				A995731C2135585600234608 /* Sources */,
				A995731D2135585600234608 /* Frameworks */,
				A995731E2135585600234608 /* Resources */,
			);
			buildRules = (
			);
			dependencies = (
			);
			name = PitchPerfect;
			productName = PitchPerfect;
			productReference = A99573202135585600234608 /* PitchPerfect.app */;
			productType = "com.apple.product-type.application";
		};
		A99573332135585700234608 /* PitchPerfectTests */ = {
			isa = PBXNativeTarget;
			buildConfigurationList = A995734B2135585700234608 /* Build configuration list for PBXNativeTarget "PitchPerfectTests" */;
			buildPhases = (
				A99573302135585700234608 /* Sources */,
				A99573312135585700234608 /* Frameworks */,
				A99573322135585700234608 /* Resources */,
			);
			buildRules = (
			);
			dependencies = (
				A99573362135585700234608 /* PBXTargetDependency */,
			);
			name = PitchPerfectTests;
			productName = PitchPerfectTests;
			productReference = A99573342135585700234608 /* PitchPerfectTests.xctest */;
			productType = "com.apple.product-type.bundle.unit-test";
		};
		A995733E2135585700234608 /* PitchPerfectUITests */ = {
			isa = PBXNativeTarget;
			buildConfigurationList = A995734E2135585700234608 /* Build configuration list for PBXNativeTarget "PitchPerfectUITests" */;
			buildPhases = (
				A995733B2135585700234608 /* Sources */,
				A995733C2135585700234608 /* Frameworks */,
				A995733D2135585700234608 /* Resources */,
			);
			buildRules = (
			);
			dependencies = (
				A99573412135585700234608 /* PBXTargetDependency */,
			);
			name = PitchPerfectUITests;
			productName = PitchPerfectUITests;
			productReference = A995733F2135585700234608 /* PitchPerfectUITests.xctest */;
			productType = "com.apple.product-type.bundle.ui-testing";
		};
/* End PBXNativeTarget section */

/* Begin PBXProject section */
		A99573182135585600234608 /* Project object */ = {
			isa = PBXProject;
			attributes = {
				LastSwiftUpdateCheck = 0940;
				LastUpgradeCheck = 0940;
				ORGANIZATIONNAME = "Peter Pohlmann";
				TargetAttributes = {
					A995731F2135585600234608 = {
						CreatedOnToolsVersion = 9.4.1;
					};
					A99573332135585700234608 = {
						CreatedOnToolsVersion = 9.4.1;
						TestTargetID = A995731F2135585600234608;
					};
					A995733E2135585700234608 = {
						CreatedOnToolsVersion = 9.4.1;
						TestTargetID = A995731F2135585600234608;
					};
				};
			};
			buildConfigurationList = A995731B2135585600234608 /* Build configuration list for PBXProject "PitchPerfect" */;
			compatibilityVersion = "Xcode 9.3";
			developmentRegion = en;
			hasScannedForEncodings = 0;
			knownRegions = (
				en,
				Base,
			);
			mainGroup = A99573172135585600234608;
			productRefGroup = A99573212135585600234608 /* Products */;
			projectDirPath = "";
			projectRoot = "";
			targets = (
				A995731F2135585600234608 /* PitchPerfect */,
				A99573332135585700234608 /* PitchPerfectTests */,
				A995733E2135585700234608 /* PitchPerfectUITests */,
			);
		};
/* End PBXProject section */

/* Begin PBXResourcesBuildPhase section */
		A995731E2135585600234608 /* Resources */ = {
			isa = PBXResourcesBuildPhase;
			buildActionMask = 2147483647;
			files = (
				A995732E2135585600234608 /* LaunchScreen.storyboard in Resources */,
				A995732B2135585600234608 /* Assets.xcassets in Resources */,
				A99573292135585600234608 /* Main.storyboard in Resources */,
				A9A61485213572510021AA99 /* PitchViewController.xib in Resources */,
			);
			runOnlyForDeploymentPostprocessing = 0;
		};
		A99573322135585700234608 /* Resources */ = {
			isa = PBXResourcesBuildPhase;
			buildActionMask = 2147483647;
			files = (
			);
			runOnlyForDeploymentPostprocessing = 0;
		};
		A995733D2135585700234608 /* Resources */ = {
			isa = PBXResourcesBuildPhase;
			buildActionMask = 2147483647;
			files = (
			);
			runOnlyForDeploymentPostprocessing = 0;
		};
/* End PBXResourcesBuildPhase section */

/* Begin PBXSourcesBuildPhase section */
		A995731C2135585600234608 /* Sources */ = {
			isa = PBXSourcesBuildPhase;
			buildActionMask = 2147483647;
			files = (
				A99573262135585600234608 /* RecordViewController.swift in Sources */,
				A99573242135585600234608 /* AppDelegate.swift in Sources */,
				A9A61484213572510021AA99 /* PitchViewController.swift in Sources */,
			);
			runOnlyForDeploymentPostprocessing = 0;
		};
		A99573302135585700234608 /* Sources */ = {
			isa = PBXSourcesBuildPhase;
			buildActionMask = 2147483647;
			files = (
				A99573392135585700234608 /* PitchPerfectTests.swift in Sources */,
			);
			runOnlyForDeploymentPostprocessing = 0;
		};
		A995733B2135585700234608 /* Sources */ = {
			isa = PBXSourcesBuildPhase;
			buildActionMask = 2147483647;
			files = (
				A99573442135585700234608 /* PitchPerfectUITests.swift in Sources */,
			);
			runOnlyForDeploymentPostprocessing = 0;
		};
/* End PBXSourcesBuildPhase section */

/* Begin PBXTargetDependency section */
		A99573362135585700234608 /* PBXTargetDependency */ = {
			isa = PBXTargetDependency;
			target = A995731F2135585600234608 /* PitchPerfect */;
			targetProxy = A99573352135585700234608 /* PBXContainerItemProxy */;
		};
		A99573412135585700234608 /* PBXTargetDependency */ = {
			isa = PBXTargetDependency;
			target = A995731F2135585600234608 /* PitchPerfect */;
			targetProxy = A99573402135585700234608 /* PBXContainerItemProxy */;
		};
/* End PBXTargetDependency section */

/* Begin PBXVariantGroup section */
		A99573272135585600234608 /* Main.storyboard */ = {
			isa = PBXVariantGroup;
			children = (
				A99573282135585600234608 /* Base */,
			);
			name = Main.storyboard;
			sourceTree = "<group>";
		};
		A995732C2135585600234608 /* LaunchScreen.storyboard */ = {
			isa = PBXVariantGroup;
			children = (
				A995732D2135585600234608 /* Base */,
			);
			name = LaunchScreen.storyboard;
			sourceTree = "<group>";
		};
/* End PBXVariantGroup section */

/* Begin XCBuildConfiguration section */
		A99573462135585700234608 /* Debug */ = {
			isa = XCBuildConfiguration;
			buildSettings = {
				ALWAYS_SEARCH_USER_PATHS = NO;
				CLANG_ANALYZER_NONNULL = YES;
				CLANG_ANALYZER_NUMBER_OBJECT_CONVERSION = YES_AGGRESSIVE;
				CLANG_CXX_LANGUAGE_STANDARD = "gnu++14";
				CLANG_CXX_LIBRARY = "libc++";
				CLANG_ENABLE_MODULES = YES;
				CLANG_ENABLE_OBJC_ARC = YES;
				CLANG_ENABLE_OBJC_WEAK = YES;
				CLANG_WARN_BLOCK_CAPTURE_AUTORELEASING = YES;
				CLANG_WARN_BOOL_CONVERSION = YES;
				CLANG_WARN_COMMA = YES;
				CLANG_WARN_CONSTANT_CONVERSION = YES;
				CLANG_WARN_DEPRECATED_OBJC_IMPLEMENTATIONS = YES;
				CLANG_WARN_DIRECT_OBJC_ISA_USAGE = YES_ERROR;
				CLANG_WARN_DOCUMENTATION_COMMENTS = YES;
				CLANG_WARN_EMPTY_BODY = YES;
				CLANG_WARN_ENUM_CONVERSION = YES;
				CLANG_WARN_INFINITE_RECURSION = YES;
				CLANG_WARN_INT_CONVERSION = YES;
				CLANG_WARN_NON_LITERAL_NULL_CONVERSION = YES;
				CLANG_WARN_OBJC_IMPLICIT_RETAIN_SELF = YES;
				CLANG_WARN_OBJC_LITERAL_CONVERSION = YES;
				CLANG_WARN_OBJC_ROOT_CLASS = YES_ERROR;
				CLANG_WARN_RANGE_LOOP_ANALYSIS = YES;
				CLANG_WARN_STRICT_PROTOTYPES = YES;
				CLANG_WARN_SUSPICIOUS_MOVE = YES;
				CLANG_WARN_UNGUARDED_AVAILABILITY = YES_AGGRESSIVE;
				CLANG_WARN_UNREACHABLE_CODE = YES;
				CLANG_WARN__DUPLICATE_METHOD_MATCH = YES;
				CODE_SIGN_IDENTITY = "iPhone Developer";
				COPY_PHASE_STRIP = NO;
				DEBUG_INFORMATION_FORMAT = dwarf;
				ENABLE_STRICT_OBJC_MSGSEND = YES;
				ENABLE_TESTABILITY = YES;
				GCC_C_LANGUAGE_STANDARD = gnu11;
				GCC_DYNAMIC_NO_PIC = NO;
				GCC_NO_COMMON_BLOCKS = YES;
				GCC_OPTIMIZATION_LEVEL = 0;
				GCC_PREPROCESSOR_DEFINITIONS = (
					"DEBUG=1",
					"$(inherited)",
				);
				GCC_WARN_64_TO_32_BIT_CONVERSION = YES;
				GCC_WARN_ABOUT_RETURN_TYPE = YES_ERROR;
				GCC_WARN_UNDECLARED_SELECTOR = YES;
				GCC_WARN_UNINITIALIZED_AUTOS = YES_AGGRESSIVE;
				GCC_WARN_UNUSED_FUNCTION = YES;
				GCC_WARN_UNUSED_VARIABLE = YES;
				IPHONEOS_DEPLOYMENT_TARGET = 11.4;
				MTL_ENABLE_DEBUG_INFO = YES;
				ONLY_ACTIVE_ARCH = YES;
				SDKROOT = iphoneos;
				SWIFT_ACTIVE_COMPILATION_CONDITIONS = DEBUG;
				SWIFT_OPTIMIZATION_LEVEL = "-Onone";
			};
			name = Debug;
		};
		A99573472135585700234608 /* Release */ = {
			isa = XCBuildConfiguration;
			buildSettings = {
				ALWAYS_SEARCH_USER_PATHS = NO;
				CLANG_ANALYZER_NONNULL = YES;
				CLANG_ANALYZER_NUMBER_OBJECT_CONVERSION = YES_AGGRESSIVE;
				CLANG_CXX_LANGUAGE_STANDARD = "gnu++14";
				CLANG_CXX_LIBRARY = "libc++";
				CLANG_ENABLE_MODULES = YES;
				CLANG_ENABLE_OBJC_ARC = YES;
				CLANG_ENABLE_OBJC_WEAK = YES;
				CLANG_WARN_BLOCK_CAPTURE_AUTORELEASING = YES;
				CLANG_WARN_BOOL_CONVERSION = YES;
				CLANG_WARN_COMMA = YES;
				CLANG_WARN_CONSTANT_CONVERSION = YES;
				CLANG_WARN_DEPRECATED_OBJC_IMPLEMENTATIONS = YES;
				CLANG_WARN_DIRECT_OBJC_ISA_USAGE = YES_ERROR;
				CLANG_WARN_DOCUMENTATION_COMMENTS = YES;
				CLANG_WARN_EMPTY_BODY = YES;
				CLANG_WARN_ENUM_CONVERSION = YES;
				CLANG_WARN_INFINITE_RECURSION = YES;
				CLANG_WARN_INT_CONVERSION = YES;
				CLANG_WARN_NON_LITERAL_NULL_CONVERSION = YES;
				CLANG_WARN_OBJC_IMPLICIT_RETAIN_SELF = YES;
				CLANG_WARN_OBJC_LITERAL_CONVERSION = YES;
				CLANG_WARN_OBJC_ROOT_CLASS = YES_ERROR;
				CLANG_WARN_RANGE_LOOP_ANALYSIS = YES;
				CLANG_WARN_STRICT_PROTOTYPES = YES;
				CLANG_WARN_SUSPICIOUS_MOVE = YES;
				CLANG_WARN_UNGUARDED_AVAILABILITY = YES_AGGRESSIVE;
				CLANG_WARN_UNREACHABLE_CODE = YES;
				CLANG_WARN__DUPLICATE_METHOD_MATCH = YES;
				CODE_SIGN_IDENTITY = "iPhone Developer";
				COPY_PHASE_STRIP = NO;
				DEBUG_INFORMATION_FORMAT = "dwarf-with-dsym";
				ENABLE_NS_ASSERTIONS = NO;
				ENABLE_STRICT_OBJC_MSGSEND = YES;
				GCC_C_LANGUAGE_STANDARD = gnu11;
				GCC_NO_COMMON_BLOCKS = YES;
				GCC_WARN_64_TO_32_BIT_CONVERSION = YES;
				GCC_WARN_ABOUT_RETURN_TYPE = YES_ERROR;
				GCC_WARN_UNDECLARED_SELECTOR = YES;
				GCC_WARN_UNINITIALIZED_AUTOS = YES_AGGRESSIVE;
				GCC_WARN_UNUSED_FUNCTION = YES;
				GCC_WARN_UNUSED_VARIABLE = YES;
				IPHONEOS_DEPLOYMENT_TARGET = 11.4;
				MTL_ENABLE_DEBUG_INFO = NO;
				SDKROOT = iphoneos;
				SWIFT_COMPILATION_MODE = wholemodule;
				SWIFT_OPTIMIZATION_LEVEL = "-O";
				VALIDATE_PRODUCT = YES;
			};
			name = Release;
		};
		A99573492135585700234608 /* Debug */ = {
			isa = XCBuildConfiguration;
			buildSettings = {
				ASSETCATALOG_COMPILER_APPICON_NAME = AppIcon;
				CODE_SIGN_STYLE = Automatic;
				DEVELOPMENT_TEAM = 4RGRETYKQ9;
				INFOPLIST_FILE = PitchPerfect/Info.plist;
				LD_RUNPATH_SEARCH_PATHS = (
					"$(inherited)",
					"@executable_path/Frameworks",
				);
				PRODUCT_BUNDLE_IDENTIFIER = solare.io.PitchPerfect;
				PRODUCT_NAME = "$(TARGET_NAME)";
				SWIFT_VERSION = 4.0;
				TARGETED_DEVICE_FAMILY = "1,2";
			};
			name = Debug;
		};
		A995734A2135585700234608 /* Release */ = {
			isa = XCBuildConfiguration;
			buildSettings = {
				ASSETCATALOG_COMPILER_APPICON_NAME = AppIcon;
				CODE_SIGN_STYLE = Automatic;
				DEVELOPMENT_TEAM = 4RGRETYKQ9;
				INFOPLIST_FILE = PitchPerfect/Info.plist;
				LD_RUNPATH_SEARCH_PATHS = (
					"$(inherited)",
					"@executable_path/Frameworks",
				);
				PRODUCT_BUNDLE_IDENTIFIER = solare.io.PitchPerfect;
				PRODUCT_NAME = "$(TARGET_NAME)";
				SWIFT_VERSION = 4.0;
				TARGETED_DEVICE_FAMILY = "1,2";
			};
			name = Release;
		};
		A995734C2135585700234608 /* Debug */ = {
			isa = XCBuildConfiguration;
			buildSettings = {
				ALWAYS_EMBED_SWIFT_STANDARD_LIBRARIES = YES;
				BUNDLE_LOADER = "$(TEST_HOST)";
				CODE_SIGN_STYLE = Automatic;
				DEVELOPMENT_TEAM = 4RGRETYKQ9;
				INFOPLIST_FILE = PitchPerfectTests/Info.plist;
				LD_RUNPATH_SEARCH_PATHS = (
					"$(inherited)",
					"@executable_path/Frameworks",
					"@loader_path/Frameworks",
				);
				PRODUCT_BUNDLE_IDENTIFIER = solare.io.PitchPerfectTests;
				PRODUCT_NAME = "$(TARGET_NAME)";
				SWIFT_VERSION = 4.0;
				TARGETED_DEVICE_FAMILY = "1,2";
				TEST_HOST = "$(BUILT_PRODUCTS_DIR)/PitchPerfect.app/PitchPerfect";
			};
			name = Debug;
		};
		A995734D2135585700234608 /* Release */ = {
			isa = XCBuildConfiguration;
			buildSettings = {
				ALWAYS_EMBED_SWIFT_STANDARD_LIBRARIES = YES;
				BUNDLE_LOADER = "$(TEST_HOST)";
				CODE_SIGN_STYLE = Automatic;
				DEVELOPMENT_TEAM = 4RGRETYKQ9;
				INFOPLIST_FILE = PitchPerfectTests/Info.plist;
				LD_RUNPATH_SEARCH_PATHS = (
					"$(inherited)",
					"@executable_path/Frameworks",
					"@loader_path/Frameworks",
				);
				PRODUCT_BUNDLE_IDENTIFIER = solare.io.PitchPerfectTests;
				PRODUCT_NAME = "$(TARGET_NAME)";
				SWIFT_VERSION = 4.0;
				TARGETED_DEVICE_FAMILY = "1,2";
				TEST_HOST = "$(BUILT_PRODUCTS_DIR)/PitchPerfect.app/PitchPerfect";
			};
			name = Release;
		};
		A995734F2135585700234608 /* Debug */ = {
			isa = XCBuildConfiguration;
			buildSettings = {
				ALWAYS_EMBED_SWIFT_STANDARD_LIBRARIES = YES;
				CODE_SIGN_STYLE = Automatic;
				DEVELOPMENT_TEAM = 4RGRETYKQ9;
				INFOPLIST_FILE = PitchPerfectUITests/Info.plist;
				LD_RUNPATH_SEARCH_PATHS = (
					"$(inherited)",
					"@executable_path/Frameworks",
					"@loader_path/Frameworks",
				);
				PRODUCT_BUNDLE_IDENTIFIER = solare.io.PitchPerfectUITests;
				PRODUCT_NAME = "$(TARGET_NAME)";
				SWIFT_VERSION = 4.0;
				TARGETED_DEVICE_FAMILY = "1,2";
				TEST_TARGET_NAME = PitchPerfect;
			};
			name = Debug;
		};
		A99573502135585700234608 /* Release */ = {
			isa = XCBuildConfiguration;
			buildSettings = {
				ALWAYS_EMBED_SWIFT_STANDARD_LIBRARIES = YES;
				CODE_SIGN_STYLE = Automatic;
				DEVELOPMENT_TEAM = 4RGRETYKQ9;
				INFOPLIST_FILE = PitchPerfectUITests/Info.plist;
				LD_RUNPATH_SEARCH_PATHS = (
					"$(inherited)",
					"@executable_path/Frameworks",
					"@loader_path/Frameworks",
				);
				PRODUCT_BUNDLE_IDENTIFIER = solare.io.PitchPerfectUITests;
				PRODUCT_NAME = "$(TARGET_NAME)";
				SWIFT_VERSION = 4.0;
				TARGETED_DEVICE_FAMILY = "1,2";
				TEST_TARGET_NAME = PitchPerfect;
			};
			name = Release;
		};
/* End XCBuildConfiguration section */

/* Begin XCConfigurationList section */
		A995731B2135585600234608 /* Build configuration list for PBXProject "PitchPerfect" */ = {
			isa = XCConfigurationList;
			buildConfigurations = (
				A99573462135585700234608 /* Debug */,
				A99573472135585700234608 /* Release */,
			);
			defaultConfigurationIsVisible = 0;
			defaultConfigurationName = Release;
		};
		A99573482135585700234608 /* Build configuration list for PBXNativeTarget "PitchPerfect" */ = {
			isa = XCConfigurationList;
			buildConfigurations = (
				A99573492135585700234608 /* Debug */,
				A995734A2135585700234608 /* Release */,
			);
			defaultConfigurationIsVisible = 0;
			defaultConfigurationName = Release;
		};
		A995734B2135585700234608 /* Build configuration list for PBXNativeTarget "PitchPerfectTests" */ = {
			isa = XCConfigurationList;
			buildConfigurations = (
				A995734C2135585700234608 /* Debug */,
				A995734D2135585700234608 /* Release */,
			);
			defaultConfigurationIsVisible = 0;
			defaultConfigurationName = Release;
		};
		A995734E2135585700234608 /* Build configuration list for PBXNativeTarget "PitchPerfectUITests" */ = {
			isa = XCConfigurationList;
			buildConfigurations = (
				A995734F2135585700234608 /* Debug */,
				A99573502135585700234608 /* Release */,
			);
			defaultConfigurationIsVisible = 0;
			defaultConfigurationName = Release;
		};
/* End XCConfigurationList section */
	};
	rootObject = A99573182135585600234608 /* Project object */;
}
